
Microsoft Visual Studio Solution File, Format Version 12.00
# Visual Studio 15
VisualStudioVersion = 15.0.28010.2016
MinimumVisualStudioVersion = 10.0.40219.1
Project("{FAE04EC0-301F-11D3-BF4B-00C04F79EFBC}") = "WindowsFormsApplication1", "WindowsFormsApplication1\WindowsFormsApplication1.csproj", "{38DDF3CD-231B-46FC-B490-CF68CA8C7662}"
EndProject
Project("{FAE04EC0-301F-11D3-BF4B-00C04F79EFBC}") = "OfficeColorPickers", "OfficePickers\OfficeColorPickers.csproj", "{CAD56B75-481B-4C76-B090-4BC2FF5E5681}"
EndProject
Project("{FAE04EC0-301F-11D3-BF4B-00C04F79EFBC}") = "RichTextBoxCtrl", "ExtentRichTextBoxCtrl\RichTextBoxCtrl.csproj", "{0287DCB4-BBDD-47EC-A148-8206804CADB1}"
EndProject
Project("{FAE04EC0-301F-11D3-BF4B-00C04F79EFBC}") = "FontCombobox", "FontCombobox\FontCombobox.csproj", "{AF944DBB-7AAF-4B71-896F-6C8C3079A0E5}"
EndProject
Project("{FAE04EC0-301F-11D3-BF4B-00C04F79EFBC}") = "TextRulerCtrl", "TextRulerClassLibrary\TextRulerCtrl.csproj", "{4F74C5CD-7D13-4CBC-95A0-292FA23BFF0F}"
EndProject
Global
	GlobalSection(SolutionConfigurationPlatforms) = preSolution
		Debug|Any CPU = Debug|Any CPU
		Release|Any CPU = Release|Any CPU
	EndGlobalSection
	GlobalSection(ProjectConfigurationPlatforms) = postSolution
		{38DDF3CD-231B-46FC-B490-CF68CA8C7662}.Debug|Any CPU.ActiveCfg = Debug|Any CPU
		{38DDF3CD-231B-46FC-B490-CF68CA8C7662}.Debug|Any CPU.Build.0 = Debug|Any CPU
		{38DDF3CD-231B-46FC-B490-CF68CA8C7662}.Release|Any CPU.ActiveCfg = Release|Any CPU
		{38DDF3CD-231B-46FC-B490-CF68CA8C7662}.Release|Any CPU.Build.0 = Release|Any CPU
		{CAD56B75-481B-4C76-B090-4BC2FF5E5681}.Debug|Any CPU.ActiveCfg = Debug|Any CPU
		{CAD56B75-481B-4C76-B090-4BC2FF5E5681}.Debug|Any CPU.Build.0 = Debug|Any CPU
		{CAD56B75-481B-4C76-B090-4BC2FF5E5681}.Release|Any CPU.ActiveCfg = Release|Any CPU
		{CAD56B75-481B-4C76-B090-4BC2FF5E5681}.Release|Any CPU.Build.0 = Release|Any CPU
		{0287DCB4-BBDD-47EC-A148-8206804CADB1}.Debug|Any CPU.ActiveCfg = Debug|Any CPU
		{0287DCB4-BBDD-47EC-A148-8206804CADB1}.Debug|Any CPU.Build.0 = Debug|Any CPU
		{0287DCB4-BBDD-47EC-A148-8206804CADB1}.Release|Any CPU.ActiveCfg = Release|Any CPU
		{0287DCB4-BBDD-47EC-A148-8206804CADB1}.Release|Any CPU.Build.0 = Release|Any CPU
		{AF944DBB-7AAF-4B71-896F-6C8C3079A0E5}.Debug|Any CPU.ActiveCfg = Debug|Any CPU
		{AF944DBB-7AAF-4B71-896F-6C8C3079A0E5}.Debug|Any CPU.Build.0 = Debug|Any CPU
		{AF944DBB-7AAF-4B71-896F-6C8C3079A0E5}.Release|Any CPU.ActiveCfg = Release|Any CPU
		{AF944DBB-7AAF-4B71-896F-6C8C3079A0E5}.Release|Any CPU.Build.0 = Release|Any CPU
		{4F74C5CD-7D13-4CBC-95A0-292FA23BFF0F}.Debug|Any CPU.ActiveCfg = Debug|Any CPU
		{4F74C5CD-7D13-4CBC-95A0-292FA23BFF0F}.Debug|Any CPU.Build.0 = Debug|Any CPU
		{4F74C5CD-7D13-4CBC-95A0-292FA23BFF0F}.Release|Any CPU.ActiveCfg = Release|Any CPU
		{4F74C5CD-7D13-4CBC-95A0-292FA23BFF0F}.Release|Any CPU.Build.0 = Release|Any CPU
	EndGlobalSection
	GlobalSection(SolutionProperties) = preSolution
		HideSolutionNode = FALSE
	EndGlobalSection
	GlobalSection(ExtensibilityGlobals) = postSolution
		SolutionGuid = {31E66616-6D66-4923-AB37-12EA81A4D4E3}
	EndGlobalSection
EndGlobal
